
Microsoft Visual Studio Solution File, Format Version 12.00
# Visual Studio Version 17
VisualStudioVersion = 17.0.31903.59
MinimumVisualStudioVersion = 10.0.40219.1
Project("{F2A71F9B-5D33-465A-A702-920D77279786}") = "EasyRacer", "EasyRacer\EasyRacer.fsproj", "{1E6087F9-4CA7-4B08-AAAB-4C145CE97F45}"
EndProject
Project("{F2A71F9B-5D33-465A-A702-920D77279786}") = "EasyRacer.Tests", "EasyRacer.Tests\EasyRacer.Tests.fsproj", "{9E187C00-8939-40B5-B88B-5DF9EBF346AA}"
EndProject
Global
	GlobalSection(SolutionConfigurationPlatforms) = preSolution
		Debug|Any CPU = Debug|Any CPU
		Release|Any CPU = Release|Any CPU
	EndGlobalSection
	GlobalSection(SolutionProperties) = preSolution
		HideSolutionNode = FALSE
	EndGlobalSection
	GlobalSection(ProjectConfigurationPlatforms) = postSolution
		{1E6087F9-4CA7-4B08-AAAB-4C145CE97F45}.Debug|Any CPU.ActiveCfg = Debug|Any CPU
		{1E6087F9-4CA7-4B08-AAAB-4C145CE97F45}.Debug|Any CPU.Build.0 = Debug|Any CPU
		{1E6087F9-4CA7-4B08-AAAB-4C145CE97F45}.Release|Any CPU.ActiveCfg = Release|Any CPU
		{1E6087F9-4CA7-4B08-AAAB-4C145CE97F45}.Release|Any CPU.Build.0 = Release|Any CPU
		{9E187C00-8939-40B5-B88B-5DF9EBF346AA}.Debug|Any CPU.ActiveCfg = Debug|Any CPU
		{9E187C00-8939-40B5-B88B-5DF9EBF346AA}.Debug|Any CPU.Build.0 = Debug|Any CPU
		{9E187C00-8939-40B5-B88B-5DF9EBF346AA}.Release|Any CPU.ActiveCfg = Release|Any CPU
		{9E187C00-8939-40B5-B88B-5DF9EBF346AA}.Release|Any CPU.Build.0 = Release|Any CPU
	EndGlobalSection
EndGlobal
