
Microsoft Visual Studio Solution File, Format Version 12.00
# Visual Studio Version 17
VisualStudioVersion = 17.0.31903.59
MinimumVisualStudioVersion = 10.0.40219.1
Project("{FAE04EC0-301F-11D3-BF4B-00C04F79EFBC}") = "EasyRacer", "EasyRacer\EasyRacer.csproj", "{52873FC2-AF8B-43F9-9F85-B9BDEFC9B126}"
EndProject
Project("{FAE04EC0-301F-11D3-BF4B-00C04F79EFBC}") = "EasyRacer.Tests", "EasyRacer.Tests\EasyRacer.Tests.csproj", "{65168772-B239-4C18-9E18-67F33A6906F8}"
EndProject
Global
	GlobalSection(SolutionConfigurationPlatforms) = preSolution
		Debug|Any CPU = Debug|Any CPU
		Release|Any CPU = Release|Any CPU
	EndGlobalSection
	GlobalSection(SolutionProperties) = preSolution
		HideSolutionNode = FALSE
	EndGlobalSection
	GlobalSection(ProjectConfigurationPlatforms) = postSolution
		{52873FC2-AF8B-43F9-9F85-B9BDEFC9B126}.Debug|Any CPU.ActiveCfg = Debug|Any CPU
		{52873FC2-AF8B-43F9-9F85-B9BDEFC9B126}.Debug|Any CPU.Build.0 = Debug|Any CPU
		{52873FC2-AF8B-43F9-9F85-B9BDEFC9B126}.Release|Any CPU.ActiveCfg = Release|Any CPU
		{52873FC2-AF8B-43F9-9F85-B9BDEFC9B126}.Release|Any CPU.Build.0 = Release|Any CPU
		{65168772-B239-4C18-9E18-67F33A6906F8}.Debug|Any CPU.ActiveCfg = Debug|Any CPU
		{65168772-B239-4C18-9E18-67F33A6906F8}.Debug|Any CPU.Build.0 = Debug|Any CPU
		{65168772-B239-4C18-9E18-67F33A6906F8}.Release|Any CPU.ActiveCfg = Release|Any CPU
		{65168772-B239-4C18-9E18-67F33A6906F8}.Release|Any CPU.Build.0 = Release|Any CPU
	EndGlobalSection
EndGlobal
